
Microsoft Visual Studio Solution File, Format Version 12.00
# Visual Studio Version 16
VisualStudioVersion = 16.0.30204.135
MinimumVisualStudioVersion = 10.0.40219.1
Project("{FAE04EC0-301F-11D3-BF4B-00C04F79EFBC}") = "Sw1Rest", "Sw1Rest.csproj", "{91A4029D-1851-4987-B949-214B25949AEB}"
EndProject
Global
	GlobalSection(SolutionConfigurationPlatforms) = preSolution
		Debug|Any CPU = Debug|Any CPU
		Release|Any CPU = Release|Any CPU
	EndGlobalSection
	GlobalSection(ProjectConfigurationPlatforms) = postSolution
		{91A4029D-1851-4987-B949-214B25949AEB}.Debug|Any CPU.ActiveCfg = Debug|Any CPU
		{91A4029D-1851-4987-B949-214B25949AEB}.Debug|Any CPU.Build.0 = Debug|Any CPU
		{91A4029D-1851-4987-B949-214B25949AEB}.Release|Any CPU.ActiveCfg = Release|Any CPU
		{91A4029D-1851-4987-B949-214B25949AEB}.Release|Any CPU.Build.0 = Release|Any CPU
	EndGlobalSection
	GlobalSection(SolutionProperties) = preSolution
		HideSolutionNode = FALSE
	EndGlobalSection
	GlobalSection(ExtensibilityGlobals) = postSolution
		SolutionGuid = {619998EA-74F6-40FE-9149-33B5FDCCD093}
	EndGlobalSection
EndGlobal
